Microsoft Visual Studio Solution File, Format Version 12.00
# Visual Studio 15
VisualStudioVersion = 15.0.27130.2027
MinimumVisualStudioVersion = 10.0.40219.1
Project("{9A19103F-16F7-4668-BE54-9A1E7A4F7556}") = "Core.Tests", "Core.Tests\Core.Tests.csproj", "{1CF5BA4B-887E-4070-AD26-90908FC31F38}"
EndProject
Project("{9A19103F-16F7-4668-BE54-9A1E7A4F7556}") = "Core", "Core\Core.csproj", "{24B3EC36-05E2-4988-923D-CF15915C7813}"
EndProject
Project("{2150E333-8FDC-42A3-9474-1A3956D46DE8}") = "Core", "Core", "{9A6EC1A3-0D2A-4466-BD8A-EAFA0F645BF5}"
EndProject
Project("{2150E333-8FDC-42A3-9474-1A3956D46DE8}") = "Http", "Http", "{0B37FC34-925A-402C-AFAC-AD17357ACFA0}"
EndProject
Project("{9A19103F-16F7-4668-BE54-9A1E7A4F7556}") = "Http", "Http\Http.csproj", "{94992210-F8C5-4792-91BE-DF1FD39817FD}"
EndProject
Project("{9A19103F-16F7-4668-BE54-9A1E7A4F7556}") = "Http.Tests", "Http.Tests\Http.Tests.csproj", "{CB25854F-D9AF-431B-AF1E-4653CD97BE94}"
EndProject
Project("{2150E333-8FDC-42A3-9474-1A3956D46DE8}") = "Abstractions", "Abstractions", "{3A1CD33D-3A51-494C-A4CF-5C735C0C2890}"
EndProject
Project("{9A19103F-16F7-4668-BE54-9A1E7A4F7556}") = "Abstractions.Tests", "Abstractions.Tests\Abstractions.Tests.csproj", "{2F43B250-F7C6-493F-B91F-009CEB489412}"
EndProject
Project("{9A19103F-16F7-4668-BE54-9A1E7A4F7556}") = "Abstractions", "Abstractions\Abstractions.csproj", "{2D623E60-D769-4BFE-8D90-62D7DCBFD1EC}"
EndProject
Project("{2150E333-8FDC-42A3-9474-1A3956D46DE8}") = "Transmisson", "Transmisson", "{DC8D4F4A-F0CB-45C1-ABC3-9D6A00EFC002}"
EndProject
Project("{2150E333-8FDC-42A3-9474-1A3956D46DE8}") = "Session", "Session", "{9FD1876D-FC34-4A2D-B85C-30A56B38CF4F}"
EndProject
Project("{9A19103F-16F7-4668-BE54-9A1E7A4F7556}") = "Transmission.EventHub", "Transmission.EventHub\Transmission.EventHub.csproj", "{B573231D-703E-41E6-ACCD-7B3E4960CCAD}"
EndProject
Project("{9A19103F-16F7-4668-BE54-9A1E7A4F7556}") = "Transmission.EventHub.Tests", "Transmission.EventHub.Tests\Transmission.EventHub.Tests.csproj", "{615B3644-E5C6-4538-A2B8-31ACE7FAB4D4}"
EndProject
Project("{9A19103F-16F7-4668-BE54-9A1E7A4F7556}") = "Session", "Session\Session.csproj", "{9BD37C12-B642-4DE4-9B93-5D543090D1CA}"
EndProject
Project("{9A19103F-16F7-4668-BE54-9A1E7A4F7556}") = "Session.Tests", "Session.Tests\Session.Tests.csproj", "{5FCBB58A-DDBC-414C-B9E1-0CE2900769E6}"
EndProject
Global
	GlobalSection(SolutionConfigurationPlatforms) = preSolution
		Debug|Any CPU = Debug|Any CPU
		Debug|x64 = Debug|x64
		Debug|x86 = Debug|x86
		Release|Any CPU = Release|Any CPU
		Release|x64 = Release|x64
		Release|x86 = Release|x86
	EndGlobalSection
	GlobalSection(ProjectConfigurationPlatforms) = postSolution
		{1CF5BA4B-887E-4070-AD26-90908FC31F38}.Debug|Any CPU.ActiveCfg = Debug|Any CPU
		{1CF5BA4B-887E-4070-AD26-90908FC31F38}.Debug|Any CPU.Build.0 = Debug|Any CPU
		{1CF5BA4B-887E-4070-AD26-90908FC31F38}.Debug|x64.ActiveCfg = Debug|Any CPU
		{1CF5BA4B-887E-4070-AD26-90908FC31F38}.Debug|x64.Build.0 = Debug|Any CPU
		{1CF5BA4B-887E-4070-AD26-90908FC31F38}.Debug|x86.ActiveCfg = Debug|Any CPU
		{1CF5BA4B-887E-4070-AD26-90908FC31F38}.Debug|x86.Build.0 = Debug|Any CPU
		{1CF5BA4B-887E-4070-AD26-90908FC31F38}.Release|Any CPU.ActiveCfg = Release|Any CPU
		{1CF5BA4B-887E-4070-AD26-90908FC31F38}.Release|Any CPU.Build.0 = Release|Any CPU
		{1CF5BA4B-887E-4070-AD26-90908FC31F38}.Release|x64.ActiveCfg = Release|Any CPU
		{1CF5BA4B-887E-4070-AD26-90908FC31F38}.Release|x64.Build.0 = Release|Any CPU
		{1CF5BA4B-887E-4070-AD26-90908FC31F38}.Release|x86.ActiveCfg = Release|Any CPU
		{1CF5BA4B-887E-4070-AD26-90908FC31F38}.Release|x86.Build.0 = Release|Any CPU
		{24B3EC36-05E2-4988-923D-CF15915C7813}.Debug|Any CPU.ActiveCfg = Debug|Any CPU
		{24B3EC36-05E2-4988-923D-CF15915C7813}.Debug|Any CPU.Build.0 = Debug|Any CPU
		{24B3EC36-05E2-4988-923D-CF15915C7813}.Debug|x64.ActiveCfg = Debug|Any CPU
		{24B3EC36-05E2-4988-923D-CF15915C7813}.Debug|x64.Build.0 = Debug|Any CPU
		{24B3EC36-05E2-4988-923D-CF15915C7813}.Debug|x86.ActiveCfg = Debug|Any CPU
		{24B3EC36-05E2-4988-923D-CF15915C7813}.Debug|x86.Build.0 = Debug|Any CPU
		{24B3EC36-05E2-4988-923D-CF15915C7813}.Release|Any CPU.ActiveCfg = Release|Any CPU
		{24B3EC36-05E2-4988-923D-CF15915C7813}.Release|Any CPU.Build.0 = Release|Any CPU
		{24B3EC36-05E2-4988-923D-CF15915C7813}.Release|x64.ActiveCfg = Release|Any CPU
		{24B3EC36-05E2-4988-923D-CF15915C7813}.Release|x64.Build.0 = Release|Any CPU
		{24B3EC36-05E2-4988-923D-CF15915C7813}.Release|x86.ActiveCfg = Release|Any CPU
		{24B3EC36-05E2-4988-923D-CF15915C7813}.Release|x86.Build.0 = Release|Any CPU
		{94992210-F8C5-4792-91BE-DF1FD39817FD}.Debug|Any CPU.ActiveCfg = Debug|Any CPU
		{94992210-F8C5-4792-91BE-DF1FD39817FD}.Debug|Any CPU.Build.0 = Debug|Any CPU
		{94992210-F8C5-4792-91BE-DF1FD39817FD}.Debug|x64.ActiveCfg = Debug|Any CPU
		{94992210-F8C5-4792-91BE-DF1FD39817FD}.Debug|x64.Build.0 = Debug|Any CPU
		{94992210-F8C5-4792-91BE-DF1FD39817FD}.Debug|x86.ActiveCfg = Debug|Any CPU
		{94992210-F8C5-4792-91BE-DF1FD39817FD}.Debug|x86.Build.0 = Debug|Any CPU
		{94992210-F8C5-4792-91BE-DF1FD39817FD}.Release|Any CPU.ActiveCfg = Release|Any CPU
		{94992210-F8C5-4792-91BE-DF1FD39817FD}.Release|Any CPU.Build.0 = Release|Any CPU
		{94992210-F8C5-4792-91BE-DF1FD39817FD}.Release|x64.ActiveCfg = Release|Any CPU
		{94992210-F8C5-4792-91BE-DF1FD39817FD}.Release|x64.Build.0 = Release|Any CPU
		{94992210-F8C5-4792-91BE-DF1FD39817FD}.Release|x86.ActiveCfg = Release|Any CPU
		{94992210-F8C5-4792-91BE-DF1FD39817FD}.Release|x86.Build.0 = Release|Any CPU
		{CB25854F-D9AF-431B-AF1E-4653CD97BE94}.Debug|Any CPU.ActiveCfg = Debug|Any CPU
		{CB25854F-D9AF-431B-AF1E-4653CD97BE94}.Debug|Any CPU.Build.0 = Debug|Any CPU
		{CB25854F-D9AF-431B-AF1E-4653CD97BE94}.Debug|x64.ActiveCfg = Debug|Any CPU
		{CB25854F-D9AF-431B-AF1E-4653CD97BE94}.Debug|x64.Build.0 = Debug|Any CPU
		{CB25854F-D9AF-431B-AF1E-4653CD97BE94}.Debug|x86.ActiveCfg = Debug|Any CPU
		{CB25854F-D9AF-431B-AF1E-4653CD97BE94}.Debug|x86.Build.0 = Debug|Any CPU
		{CB25854F-D9AF-431B-AF1E-4653CD97BE94}.Release|Any CPU.ActiveCfg = Release|Any CPU
		{CB25854F-D9AF-431B-AF1E-4653CD97BE94}.Release|Any CPU.Build.0 = Release|Any CPU
		{CB25854F-D9AF-431B-AF1E-4653CD97BE94}.Release|x64.ActiveCfg = Release|Any CPU
		{CB25854F-D9AF-431B-AF1E-4653CD97BE94}.Release|x64.Build.0 = Release|Any CPU
		{CB25854F-D9AF-431B-AF1E-4653CD97BE94}.Release|x86.ActiveCfg = Release|Any CPU
		{CB25854F-D9AF-431B-AF1E-4653CD97BE94}.Release|x86.Build.0 = Release|Any CPU
		{2F43B250-F7C6-493F-B91F-009CEB489412}.Debug|Any CPU.ActiveCfg = Debug|Any CPU
		{2F43B250-F7C6-493F-B91F-009CEB489412}.Debug|Any CPU.Build.0 = Debug|Any CPU
		{2F43B250-F7C6-493F-B91F-009CEB489412}.Debug|x64.ActiveCfg = Debug|Any CPU
		{2F43B250-F7C6-493F-B91F-009CEB489412}.Debug|x64.Build.0 = Debug|Any CPU
		{2F43B250-F7C6-493F-B91F-009CEB489412}.Debug|x86.ActiveCfg = Debug|Any CPU
		{2F43B250-F7C6-493F-B91F-009CEB489412}.Debug|x86.Build.0 = Debug|Any CPU
		{2F43B250-F7C6-493F-B91F-009CEB489412}.Release|Any CPU.ActiveCfg = Release|Any CPU
		{2F43B250-F7C6-493F-B91F-009CEB489412}.Release|Any CPU.Build.0 = Release|Any CPU
		{2F43B250-F7C6-493F-B91F-009CEB489412}.Release|x64.ActiveCfg = Release|Any CPU
		{2F43B250-F7C6-493F-B91F-009CEB489412}.Release|x64.Build.0 = Release|Any CPU
		{2F43B250-F7C6-493F-B91F-009CEB489412}.Release|x86.ActiveCfg = Release|Any CPU
		{2F43B250-F7C6-493F-B91F-009CEB489412}.Release|x86.Build.0 = Release|Any CPU
		{2D623E60-D769-4BFE-8D90-62D7DCBFD1EC}.Debug|Any CPU.ActiveCfg = Debug|Any CPU
		{2D623E60-D769-4BFE-8D90-62D7DCBFD1EC}.Debug|Any CPU.Build.0 = Debug|Any CPU
		{2D623E60-D769-4BFE-8D90-62D7DCBFD1EC}.Debug|x64.ActiveCfg = Debug|Any CPU
		{2D623E60-D769-4BFE-8D90-62D7DCBFD1EC}.Debug|x64.Build.0 = Debug|Any CPU
		{2D623E60-D769-4BFE-8D90-62D7DCBFD1EC}.Debug|x86.ActiveCfg = Debug|Any CPU
		{2D623E60-D769-4BFE-8D90-62D7DCBFD1EC}.Debug|x86.Build.0 = Debug|Any CPU
		{2D623E60-D769-4BFE-8D90-62D7DCBFD1EC}.Release|Any CPU.ActiveCfg = Release|Any CPU
		{2D623E60-D769-4BFE-8D90-62D7DCBFD1EC}.Release|Any CPU.Build.0 = Release|Any CPU
		{2D623E60-D769-4BFE-8D90-62D7DCBFD1EC}.Release|x64.ActiveCfg = Release|Any CPU
		{2D623E60-D769-4BFE-8D90-62D7DCBFD1EC}.Release|x64.Build.0 = Release|Any CPU
		{2D623E60-D769-4BFE-8D90-62D7DCBFD1EC}.Release|x86.ActiveCfg = Release|Any CPU
		{2D623E60-D769-4BFE-8D90-62D7DCBFD1EC}.Release|x86.Build.0 = Release|Any CPU
		{B573231D-703E-41E6-ACCD-7B3E4960CCAD}.Debug|Any CPU.ActiveCfg = Debug|Any CPU
		{B573231D-703E-41E6-ACCD-7B3E4960CCAD}.Debug|Any CPU.Build.0 = Debug|Any CPU
		{B573231D-703E-41E6-ACCD-7B3E4960CCAD}.Debug|x64.ActiveCfg = Debug|Any CPU
		{B573231D-703E-41E6-ACCD-7B3E4960CCAD}.Debug|x64.Build.0 = Debug|Any CPU
		{B573231D-703E-41E6-ACCD-7B3E4960CCAD}.Debug|x86.ActiveCfg = Debug|Any CPU
		{B573231D-703E-41E6-ACCD-7B3E4960CCAD}.Debug|x86.Build.0 = Debug|Any CPU
		{B573231D-703E-41E6-ACCD-7B3E4960CCAD}.Release|Any CPU.ActiveCfg = Release|Any CPU
		{B573231D-703E-41E6-ACCD-7B3E4960CCAD}.Release|Any CPU.Build.0 = Release|Any CPU
		{B573231D-703E-41E6-ACCD-7B3E4960CCAD}.Release|x64.ActiveCfg = Release|Any CPU
		{B573231D-703E-41E6-ACCD-7B3E4960CCAD}.Release|x64.Build.0 = Release|Any CPU
		{B573231D-703E-41E6-ACCD-7B3E4960CCAD}.Release|x86.ActiveCfg = Release|Any CPU
		{B573231D-703E-41E6-ACCD-7B3E4960CCAD}.Release|x86.Build.0 = Release|Any CPU
		{615B3644-E5C6-4538-A2B8-31ACE7FAB4D4}.Debug|Any CPU.ActiveCfg = Debug|Any CPU
		{615B3644-E5C6-4538-A2B8-31ACE7FAB4D4}.Debug|Any CPU.Build.0 = Debug|Any CPU
		{615B3644-E5C6-4538-A2B8-31ACE7FAB4D4}.Debug|x64.ActiveCfg = Debug|Any CPU
		{615B3644-E5C6-4538-A2B8-31ACE7FAB4D4}.Debug|x64.Build.0 = Debug|Any CPU
		{615B3644-E5C6-4538-A2B8-31ACE7FAB4D4}.Debug|x86.ActiveCfg = Debug|Any CPU
		{615B3644-E5C6-4538-A2B8-31ACE7FAB4D4}.Debug|x86.Build.0 = Debug|Any CPU
		{615B3644-E5C6-4538-A2B8-31ACE7FAB4D4}.Release|Any CPU.ActiveCfg = Release|Any CPU
		{615B3644-E5C6-4538-A2B8-31ACE7FAB4D4}.Release|Any CPU.Build.0 = Release|Any CPU
		{615B3644-E5C6-4538-A2B8-31ACE7FAB4D4}.Release|x64.ActiveCfg = Release|Any CPU
		{615B3644-E5C6-4538-A2B8-31ACE7FAB4D4}.Release|x64.Build.0 = Release|Any CPU
		{615B3644-E5C6-4538-A2B8-31ACE7FAB4D4}.Release|x86.ActiveCfg = Release|Any CPU
		{615B3644-E5C6-4538-A2B8-31ACE7FAB4D4}.Release|x86.Build.0 = Release|Any CPU
		{9BD37C12-B642-4DE4-9B93-5D543090D1CA}.Debug|Any CPU.ActiveCfg = Debug|Any CPU
		{9BD37C12-B642-4DE4-9B93-5D543090D1CA}.Debug|Any CPU.Build.0 = Debug|Any CPU
		{9BD37C12-B642-4DE4-9B93-5D543090D1CA}.Debug|x64.ActiveCfg = Debug|Any CPU
		{9BD37C12-B642-4DE4-9B93-5D543090D1CA}.Debug|x64.Build.0 = Debug|Any CPU
		{9BD37C12-B642-4DE4-9B93-5D543090D1CA}.Debug|x86.ActiveCfg = Debug|Any CPU
		{9BD37C12-B642-4DE4-9B93-5D543090D1CA}.Debug|x86.Build.0 = Debug|Any CPU
		{9BD37C12-B642-4DE4-9B93-5D543090D1CA}.Release|Any CPU.ActiveCfg = Release|Any CPU
		{9BD37C12-B642-4DE4-9B93-5D543090D1CA}.Release|Any CPU.Build.0 = Release|Any CPU
		{9BD37C12-B642-4DE4-9B93-5D543090D1CA}.Release|x64.ActiveCfg = Release|Any CPU
		{9BD37C12-B642-4DE4-9B93-5D543090D1CA}.Release|x64.Build.0 = Release|Any CPU
		{9BD37C12-B642-4DE4-9B93-5D543090D1CA}.Release|x86.ActiveCfg = Release|Any CPU
		{9BD37C12-B642-4DE4-9B93-5D543090D1CA}.Release|x86.Build.0 = Release|Any CPU
		{5FCBB58A-DDBC-414C-B9E1-0CE2900769E6}.Debug|Any CPU.ActiveCfg = Debug|Any CPU
		{5FCBB58A-DDBC-414C-B9E1-0CE2900769E6}.Debug|Any CPU.Build.0 = Debug|Any CPU
		{5FCBB58A-DDBC-414C-B9E1-0CE2900769E6}.Debug|x64.ActiveCfg = Debug|Any CPU
		{5FCBB58A-DDBC-414C-B9E1-0CE2900769E6}.Debug|x64.Build.0 = Debug|Any CPU
		{5FCBB58A-DDBC-414C-B9E1-0CE2900769E6}.Debug|x86.ActiveCfg = Debug|Any CPU
		{5FCBB58A-DDBC-414C-B9E1-0CE2900769E6}.Debug|x86.Build.0 = Debug|Any CPU
		{5FCBB58A-DDBC-414C-B9E1-0CE2900769E6}.Release|Any CPU.ActiveCfg = Release|Any CPU
		{5FCBB58A-DDBC-414C-B9E1-0CE2900769E6}.Release|Any CPU.Build.0 = Release|Any CPU
		{5FCBB58A-DDBC-414C-B9E1-0CE2900769E6}.Release|x64.ActiveCfg = Release|Any CPU
		{5FCBB58A-DDBC-414C-B9E1-0CE2900769E6}.Release|x64.Build.0 = Release|Any CPU
		{5FCBB58A-DDBC-414C-B9E1-0CE2900769E6}.Release|x86.ActiveCfg = Release|Any CPU
		{5FCBB58A-DDBC-414C-B9E1-0CE2900769E6}.Release|x86.Build.0 = Release|Any CPU
	EndGlobalSection
	GlobalSection(SolutionProperties) = preSolution
		HideSolutionNode = FALSE
	EndGlobalSection
	GlobalSection(NestedProjects) = preSolution
		{1CF5BA4B-887E-4070-AD26-90908FC31F38} = {9A6EC1A3-0D2A-4466-BD8A-EAFA0F645BF5}
		{24B3EC36-05E2-4988-923D-CF15915C7813} = {9A6EC1A3-0D2A-4466-BD8A-EAFA0F645BF5}
		{94992210-F8C5-4792-91BE-DF1FD39817FD} = {0B37FC34-925A-402C-AFAC-AD17357ACFA0}
		{CB25854F-D9AF-431B-AF1E-4653CD97BE94} = {0B37FC34-925A-402C-AFAC-AD17357ACFA0}
		{2F43B250-F7C6-493F-B91F-009CEB489412} = {3A1CD33D-3A51-494C-A4CF-5C735C0C2890}
		{2D623E60-D769-4BFE-8D90-62D7DCBFD1EC} = {3A1CD33D-3A51-494C-A4CF-5C735C0C2890}
		{B573231D-703E-41E6-ACCD-7B3E4960CCAD} = {DC8D4F4A-F0CB-45C1-ABC3-9D6A00EFC002}
		{615B3644-E5C6-4538-A2B8-31ACE7FAB4D4} = {DC8D4F4A-F0CB-45C1-ABC3-9D6A00EFC002}
		{9BD37C12-B642-4DE4-9B93-5D543090D1CA} = {9FD1876D-FC34-4A2D-B85C-30A56B38CF4F}
		{5FCBB58A-DDBC-414C-B9E1-0CE2900769E6} = {9FD1876D-FC34-4A2D-B85C-30A56B38CF4F}
	EndGlobalSection
	GlobalSection(ExtensibilityGlobals) = postSolution
		SolutionGuid = {6519AA7A-DDB1-4DFD-9EC9-570B8C63E25E}
	EndGlobalSection
EndGlobal
