
Microsoft Visual Studio Solution File, Format Version 12.00
# Visual Studio Version 16
VisualStudioVersion = 16.0.29324.140
MinimumVisualStudioVersion = 10.0.40219.1
Project("{2150E333-8FDC-42A3-9474-1A3956D46DE8}") = "Clients", "Clients", "{E20D6600-51E0-4184-8AA6-82A332BC76E3}"
EndProject
Project("{9A19103F-16F7-4668-BE54-9A1E7A4F7556}") = "AspNetCore", "Clients\AspNetCore\AspNetCore.csproj", "{85B4E6FC-785A-4B6D-99CE-23D49C02EFF6}"
EndProject
Project("{9A19103F-16F7-4668-BE54-9A1E7A4F7556}") = "AspNetCore.FunctionalTest", "Clients\AspNetCore.FunctionalTest\AspNetCore.FunctionalTest.csproj", "{79940ED0-0A84-4F99-9CE4-B588E2AC89C8}"
EndProject
Project("{9A19103F-16F7-4668-BE54-9A1E7A4F7556}") = "AspNetCore.Tests", "Clients\AspNetCore.Tests\AspNetCore.Tests.csproj", "{930CD5AD-0399-42A0-85E8-6BDAEA0A85BE}"
EndProject
Project("{9A19103F-16F7-4668-BE54-9A1E7A4F7556}") = "GenericHost", "Clients\GenericHost\GenericHost.csproj", "{4F01FC08-6578-459B-B94E-7D7D2309806D}"
EndProject
Project("{9A19103F-16F7-4668-BE54-9A1E7A4F7556}") = "GenericHost.Sample", "Clients\GenericHost.Sample\GenericHost.Sample.csproj", "{DEAEFA12-033C-47EA-BC40-0357291B5DEA}"
EndProject
Project("{9A19103F-16F7-4668-BE54-9A1E7A4F7556}") = "GenericHost.Tests", "Clients\GenericHost.Tests\GenericHost.Tests.csproj", "{3F21AD74-16B4-4FEC-9DBE-E5963AEF8B05}"
EndProject
Project("{2150E333-8FDC-42A3-9474-1A3956D46DE8}") = "Core", "Core", "{42B19D75-DA99-4EB3-A3E1-9788DA1BC468}"
EndProject
Project("{2150E333-8FDC-42A3-9474-1A3956D46DE8}") = "Extensions", "Extensions", "{F20220A4-2BC8-492F-B530-87D0D47C5F0A}"
EndProject
Project("{9A19103F-16F7-4668-BE54-9A1E7A4F7556}") = "Hosting", "Clients\Hosting\Hosting.csproj", "{34828340-B7BD-4901-88A4-DCF5F9FA503A}"
EndProject
Project("{9A19103F-16F7-4668-BE54-9A1E7A4F7556}") = "Hosting.Tests", "Clients\Hosting.Tests\Hosting.Tests.csproj", "{656FF914-1890-472B-B673-E30F8A824C46}"
EndProject
Project("{9A19103F-16F7-4668-BE54-9A1E7A4F7556}") = "HotChocolate", "Clients\HotChocolate\HotChocolate.csproj", "{6F90B6DE-512A-4304-AF98-DFF87122DF68}"
EndProject
Project("{9A19103F-16F7-4668-BE54-9A1E7A4F7556}") = "HotChocolate.Tests", "Clients\HotChocolate.Tests\HotChocolate.Tests.csproj", "{FEAA282A-D117-4A66-A621-CBF0BAF717F2}"
EndProject
Project("{9A19103F-16F7-4668-BE54-9A1E7A4F7556}") = "Http", "Clients\Http\Http.csproj", "{E820486C-13F6-4077-9EF5-429D718530DB}"
EndProject
Project("{9A19103F-16F7-4668-BE54-9A1E7A4F7556}") = "Http.FunctionalTest", "Clients\Http.FunctionalTest\Http.FunctionalTest.csproj", "{0ACAF00B-3715-4D86-80DB-D2E2CD977E55}"
EndProject
Project("{9A19103F-16F7-4668-BE54-9A1E7A4F7556}") = "Http.Tests", "Clients\Http.Tests\Http.Tests.csproj", "{1236B1BB-FAEE-4FFF-B436-57EE2AF3F8BA}"
EndProject
Project("{9A19103F-16F7-4668-BE54-9A1E7A4F7556}") = "Core", "Core\Core\Core.csproj", "{7F258118-9927-4B80-9D71-559E6A4028F4}"
EndProject
Project("{9A19103F-16F7-4668-BE54-9A1E7A4F7556}") = "Core.Abstractions", "Core\Core.Abstractions\Core.Abstractions.csproj", "{B56EC903-DC59-45C4-8B83-1411B9C7C534}"
EndProject
Project("{9A19103F-16F7-4668-BE54-9A1E7A4F7556}") = "Core.Abstractions.Tests", "Core\Core.Abstractions.Tests\Core.Abstractions.Tests.csproj", "{DC1FFDDB-FC21-4DD3-97BE-EADEE738C5D7}"
EndProject
Project("{9A19103F-16F7-4668-BE54-9A1E7A4F7556}") = "Core.Tests", "Core\Core.Tests\Core.Tests.csproj", "{27E3AAC9-CF3B-4375-9108-CEA698D52084}"
EndProject
Project("{9A19103F-16F7-4668-BE54-9A1E7A4F7556}") = "Custom.EventSources", "Core\Custom.EventSources\Custom.EventSources.csproj", "{E8532577-4DE2-4CED-8117-E7E417C82061}"
EndProject
Project("{9A19103F-16F7-4668-BE54-9A1E7A4F7556}") = "Custom.EventSources.Tests", "Core\Custom.EventSources.Tests\Custom.EventSources.Tests.csproj", "{BCBFEDE6-555F-472C-BF47-7315BCA42B8F}"
EndProject
Project("{9A19103F-16F7-4668-BE54-9A1E7A4F7556}") = "Session", "Core\Session\Session.csproj", "{923B1D32-068F-4ADA-8E8B-F1C1BA4DC339}"
EndProject
Project("{9A19103F-16F7-4668-BE54-9A1E7A4F7556}") = "Session.Abstractions", "Core\Session.Abstractions\Session.Abstractions.csproj", "{721C955F-CAB8-48A0-BBA9-CB9AA68D1E12}"
EndProject
Project("{9A19103F-16F7-4668-BE54-9A1E7A4F7556}") = "Session.Abstractions.Tests", "Core\Session.Abstractions.Tests\Session.Abstractions.Tests.csproj", "{66B63BD3-540D-470A-8004-018A973A7908}"
EndProject
Project("{9A19103F-16F7-4668-BE54-9A1E7A4F7556}") = "Session.Tests", "Core\Session.Tests\Session.Tests.csproj", "{B81482DA-A65E-4DBB-8481-1ACB301FA82A}"
EndProject
Project("{9A19103F-16F7-4668-BE54-9A1E7A4F7556}") = "Transmission.Abstractions", "Core\Transmission.Abstractions\Transmission.Abstractions.csproj", "{8B011E98-5303-454E-87D7-CFC12ED53D82}"
EndProject
Project("{9A19103F-16F7-4668-BE54-9A1E7A4F7556}") = "Transmission.Abstractions.Tests", "Core\Transmission.Abstractions.Tests\Transmission.Abstractions.Tests.csproj", "{530BFD01-2A6F-4E1F-A4D9-9D93C8922379}"
EndProject
Project("{9A19103F-16F7-4668-BE54-9A1E7A4F7556}") = "Transmission.BlobStorage", "Core\Transmission.BlobStorage\Transmission.BlobStorage.csproj", "{D7B583A7-C398-4023-9098-0CF29FE56841}"
EndProject
Project("{9A19103F-16F7-4668-BE54-9A1E7A4F7556}") = "Transmission.BlobStorage.Tests", "Core\Transmission.BlobStorage.Tests\Transmission.BlobStorage.Tests.csproj", "{341BB57D-C3E6-4359-B076-82C576B4CC41}"
EndProject
Project("{9A19103F-16F7-4668-BE54-9A1E7A4F7556}") = "Transmission.EventHub", "Core\Transmission.EventHub\Transmission.EventHub.csproj", "{E96F8AD6-8EEA-41B4-8E36-97B4B11CDDD9}"
EndProject
Project("{9A19103F-16F7-4668-BE54-9A1E7A4F7556}") = "Transmission.EventHub.Tests", "Core\Transmission.EventHub.Tests\Transmission.EventHub.Tests.csproj", "{F0642C0F-F5AB-47DF-973D-FD0998BB81B9}"
EndProject
Global
	GlobalSection(SolutionConfigurationPlatforms) = preSolution
		Debug|Any CPU = Debug|Any CPU
		Release|Any CPU = Release|Any CPU
	EndGlobalSection
	GlobalSection(ProjectConfigurationPlatforms) = postSolution
		{85B4E6FC-785A-4B6D-99CE-23D49C02EFF6}.Debug|Any CPU.ActiveCfg = Debug|Any CPU
		{85B4E6FC-785A-4B6D-99CE-23D49C02EFF6}.Debug|Any CPU.Build.0 = Debug|Any CPU
		{85B4E6FC-785A-4B6D-99CE-23D49C02EFF6}.Release|Any CPU.ActiveCfg = Release|Any CPU
		{85B4E6FC-785A-4B6D-99CE-23D49C02EFF6}.Release|Any CPU.Build.0 = Release|Any CPU
		{79940ED0-0A84-4F99-9CE4-B588E2AC89C8}.Debug|Any CPU.ActiveCfg = Debug|Any CPU
		{79940ED0-0A84-4F99-9CE4-B588E2AC89C8}.Debug|Any CPU.Build.0 = Debug|Any CPU
		{79940ED0-0A84-4F99-9CE4-B588E2AC89C8}.Release|Any CPU.ActiveCfg = Release|Any CPU
		{79940ED0-0A84-4F99-9CE4-B588E2AC89C8}.Release|Any CPU.Build.0 = Release|Any CPU
		{930CD5AD-0399-42A0-85E8-6BDAEA0A85BE}.Debug|Any CPU.ActiveCfg = Debug|Any CPU
		{930CD5AD-0399-42A0-85E8-6BDAEA0A85BE}.Debug|Any CPU.Build.0 = Debug|Any CPU
		{930CD5AD-0399-42A0-85E8-6BDAEA0A85BE}.Release|Any CPU.ActiveCfg = Release|Any CPU
		{930CD5AD-0399-42A0-85E8-6BDAEA0A85BE}.Release|Any CPU.Build.0 = Release|Any CPU
		{4F01FC08-6578-459B-B94E-7D7D2309806D}.Debug|Any CPU.ActiveCfg = Debug|Any CPU
		{4F01FC08-6578-459B-B94E-7D7D2309806D}.Debug|Any CPU.Build.0 = Debug|Any CPU
		{4F01FC08-6578-459B-B94E-7D7D2309806D}.Release|Any CPU.ActiveCfg = Release|Any CPU
		{4F01FC08-6578-459B-B94E-7D7D2309806D}.Release|Any CPU.Build.0 = Release|Any CPU
		{DEAEFA12-033C-47EA-BC40-0357291B5DEA}.Debug|Any CPU.ActiveCfg = Debug|Any CPU
		{DEAEFA12-033C-47EA-BC40-0357291B5DEA}.Debug|Any CPU.Build.0 = Debug|Any CPU
		{DEAEFA12-033C-47EA-BC40-0357291B5DEA}.Release|Any CPU.ActiveCfg = Release|Any CPU
		{DEAEFA12-033C-47EA-BC40-0357291B5DEA}.Release|Any CPU.Build.0 = Release|Any CPU
		{3F21AD74-16B4-4FEC-9DBE-E5963AEF8B05}.Debug|Any CPU.ActiveCfg = Debug|Any CPU
		{3F21AD74-16B4-4FEC-9DBE-E5963AEF8B05}.Debug|Any CPU.Build.0 = Debug|Any CPU
		{3F21AD74-16B4-4FEC-9DBE-E5963AEF8B05}.Release|Any CPU.ActiveCfg = Release|Any CPU
		{3F21AD74-16B4-4FEC-9DBE-E5963AEF8B05}.Release|Any CPU.Build.0 = Release|Any CPU
		{34828340-B7BD-4901-88A4-DCF5F9FA503A}.Debug|Any CPU.ActiveCfg = Debug|Any CPU
		{34828340-B7BD-4901-88A4-DCF5F9FA503A}.Debug|Any CPU.Build.0 = Debug|Any CPU
		{34828340-B7BD-4901-88A4-DCF5F9FA503A}.Release|Any CPU.ActiveCfg = Release|Any CPU
		{34828340-B7BD-4901-88A4-DCF5F9FA503A}.Release|Any CPU.Build.0 = Release|Any CPU
		{656FF914-1890-472B-B673-E30F8A824C46}.Debug|Any CPU.ActiveCfg = Debug|Any CPU
		{656FF914-1890-472B-B673-E30F8A824C46}.Debug|Any CPU.Build.0 = Debug|Any CPU
		{656FF914-1890-472B-B673-E30F8A824C46}.Release|Any CPU.ActiveCfg = Release|Any CPU
		{656FF914-1890-472B-B673-E30F8A824C46}.Release|Any CPU.Build.0 = Release|Any CPU
		{6F90B6DE-512A-4304-AF98-DFF87122DF68}.Debug|Any CPU.ActiveCfg = Debug|Any CPU
		{6F90B6DE-512A-4304-AF98-DFF87122DF68}.Debug|Any CPU.Build.0 = Debug|Any CPU
		{6F90B6DE-512A-4304-AF98-DFF87122DF68}.Release|Any CPU.ActiveCfg = Release|Any CPU
		{6F90B6DE-512A-4304-AF98-DFF87122DF68}.Release|Any CPU.Build.0 = Release|Any CPU
		{FEAA282A-D117-4A66-A621-CBF0BAF717F2}.Debug|Any CPU.ActiveCfg = Debug|Any CPU
		{FEAA282A-D117-4A66-A621-CBF0BAF717F2}.Debug|Any CPU.Build.0 = Debug|Any CPU
		{FEAA282A-D117-4A66-A621-CBF0BAF717F2}.Release|Any CPU.ActiveCfg = Release|Any CPU
		{FEAA282A-D117-4A66-A621-CBF0BAF717F2}.Release|Any CPU.Build.0 = Release|Any CPU
		{E820486C-13F6-4077-9EF5-429D718530DB}.Debug|Any CPU.ActiveCfg = Debug|Any CPU
		{E820486C-13F6-4077-9EF5-429D718530DB}.Debug|Any CPU.Build.0 = Debug|Any CPU
		{E820486C-13F6-4077-9EF5-429D718530DB}.Release|Any CPU.ActiveCfg = Release|Any CPU
		{E820486C-13F6-4077-9EF5-429D718530DB}.Release|Any CPU.Build.0 = Release|Any CPU
		{0ACAF00B-3715-4D86-80DB-D2E2CD977E55}.Debug|Any CPU.ActiveCfg = Debug|Any CPU
		{0ACAF00B-3715-4D86-80DB-D2E2CD977E55}.Debug|Any CPU.Build.0 = Debug|Any CPU
		{0ACAF00B-3715-4D86-80DB-D2E2CD977E55}.Release|Any CPU.ActiveCfg = Release|Any CPU
		{0ACAF00B-3715-4D86-80DB-D2E2CD977E55}.Release|Any CPU.Build.0 = Release|Any CPU
		{1236B1BB-FAEE-4FFF-B436-57EE2AF3F8BA}.Debug|Any CPU.ActiveCfg = Debug|Any CPU
		{1236B1BB-FAEE-4FFF-B436-57EE2AF3F8BA}.Debug|Any CPU.Build.0 = Debug|Any CPU
		{1236B1BB-FAEE-4FFF-B436-57EE2AF3F8BA}.Release|Any CPU.ActiveCfg = Release|Any CPU
		{1236B1BB-FAEE-4FFF-B436-57EE2AF3F8BA}.Release|Any CPU.Build.0 = Release|Any CPU
		{7F258118-9927-4B80-9D71-559E6A4028F4}.Debug|Any CPU.ActiveCfg = Debug|Any CPU
		{7F258118-9927-4B80-9D71-559E6A4028F4}.Debug|Any CPU.Build.0 = Debug|Any CPU
		{7F258118-9927-4B80-9D71-559E6A4028F4}.Release|Any CPU.ActiveCfg = Release|Any CPU
		{7F258118-9927-4B80-9D71-559E6A4028F4}.Release|Any CPU.Build.0 = Release|Any CPU
		{B56EC903-DC59-45C4-8B83-1411B9C7C534}.Debug|Any CPU.ActiveCfg = Debug|Any CPU
		{B56EC903-DC59-45C4-8B83-1411B9C7C534}.Debug|Any CPU.Build.0 = Debug|Any CPU
		{B56EC903-DC59-45C4-8B83-1411B9C7C534}.Release|Any CPU.ActiveCfg = Release|Any CPU
		{B56EC903-DC59-45C4-8B83-1411B9C7C534}.Release|Any CPU.Build.0 = Release|Any CPU
		{DC1FFDDB-FC21-4DD3-97BE-EADEE738C5D7}.Debug|Any CPU.ActiveCfg = Debug|Any CPU
		{DC1FFDDB-FC21-4DD3-97BE-EADEE738C5D7}.Debug|Any CPU.Build.0 = Debug|Any CPU
		{DC1FFDDB-FC21-4DD3-97BE-EADEE738C5D7}.Release|Any CPU.ActiveCfg = Release|Any CPU
		{DC1FFDDB-FC21-4DD3-97BE-EADEE738C5D7}.Release|Any CPU.Build.0 = Release|Any CPU
		{27E3AAC9-CF3B-4375-9108-CEA698D52084}.Debug|Any CPU.ActiveCfg = Debug|Any CPU
		{27E3AAC9-CF3B-4375-9108-CEA698D52084}.Debug|Any CPU.Build.0 = Debug|Any CPU
		{27E3AAC9-CF3B-4375-9108-CEA698D52084}.Release|Any CPU.ActiveCfg = Release|Any CPU
		{27E3AAC9-CF3B-4375-9108-CEA698D52084}.Release|Any CPU.Build.0 = Release|Any CPU
		{E8532577-4DE2-4CED-8117-E7E417C82061}.Debug|Any CPU.ActiveCfg = Debug|Any CPU
		{E8532577-4DE2-4CED-8117-E7E417C82061}.Debug|Any CPU.Build.0 = Debug|Any CPU
		{E8532577-4DE2-4CED-8117-E7E417C82061}.Release|Any CPU.ActiveCfg = Release|Any CPU
		{E8532577-4DE2-4CED-8117-E7E417C82061}.Release|Any CPU.Build.0 = Release|Any CPU
		{BCBFEDE6-555F-472C-BF47-7315BCA42B8F}.Debug|Any CPU.ActiveCfg = Debug|Any CPU
		{BCBFEDE6-555F-472C-BF47-7315BCA42B8F}.Debug|Any CPU.Build.0 = Debug|Any CPU
		{BCBFEDE6-555F-472C-BF47-7315BCA42B8F}.Release|Any CPU.ActiveCfg = Release|Any CPU
		{BCBFEDE6-555F-472C-BF47-7315BCA42B8F}.Release|Any CPU.Build.0 = Release|Any CPU
		{923B1D32-068F-4ADA-8E8B-F1C1BA4DC339}.Debug|Any CPU.ActiveCfg = Debug|Any CPU
		{923B1D32-068F-4ADA-8E8B-F1C1BA4DC339}.Debug|Any CPU.Build.0 = Debug|Any CPU
		{923B1D32-068F-4ADA-8E8B-F1C1BA4DC339}.Release|Any CPU.ActiveCfg = Release|Any CPU
		{923B1D32-068F-4ADA-8E8B-F1C1BA4DC339}.Release|Any CPU.Build.0 = Release|Any CPU
		{721C955F-CAB8-48A0-BBA9-CB9AA68D1E12}.Debug|Any CPU.ActiveCfg = Debug|Any CPU
		{721C955F-CAB8-48A0-BBA9-CB9AA68D1E12}.Debug|Any CPU.Build.0 = Debug|Any CPU
		{721C955F-CAB8-48A0-BBA9-CB9AA68D1E12}.Release|Any CPU.ActiveCfg = Release|Any CPU
		{721C955F-CAB8-48A0-BBA9-CB9AA68D1E12}.Release|Any CPU.Build.0 = Release|Any CPU
		{66B63BD3-540D-470A-8004-018A973A7908}.Debug|Any CPU.ActiveCfg = Debug|Any CPU
		{66B63BD3-540D-470A-8004-018A973A7908}.Debug|Any CPU.Build.0 = Debug|Any CPU
		{66B63BD3-540D-470A-8004-018A973A7908}.Release|Any CPU.ActiveCfg = Release|Any CPU
		{66B63BD3-540D-470A-8004-018A973A7908}.Release|Any CPU.Build.0 = Release|Any CPU
		{B81482DA-A65E-4DBB-8481-1ACB301FA82A}.Debug|Any CPU.ActiveCfg = Debug|Any CPU
		{B81482DA-A65E-4DBB-8481-1ACB301FA82A}.Debug|Any CPU.Build.0 = Debug|Any CPU
		{B81482DA-A65E-4DBB-8481-1ACB301FA82A}.Release|Any CPU.ActiveCfg = Release|Any CPU
		{B81482DA-A65E-4DBB-8481-1ACB301FA82A}.Release|Any CPU.Build.0 = Release|Any CPU
		{8B011E98-5303-454E-87D7-CFC12ED53D82}.Debug|Any CPU.ActiveCfg = Debug|Any CPU
		{8B011E98-5303-454E-87D7-CFC12ED53D82}.Debug|Any CPU.Build.0 = Debug|Any CPU
		{8B011E98-5303-454E-87D7-CFC12ED53D82}.Release|Any CPU.ActiveCfg = Release|Any CPU
		{8B011E98-5303-454E-87D7-CFC12ED53D82}.Release|Any CPU.Build.0 = Release|Any CPU
		{530BFD01-2A6F-4E1F-A4D9-9D93C8922379}.Debug|Any CPU.ActiveCfg = Debug|Any CPU
		{530BFD01-2A6F-4E1F-A4D9-9D93C8922379}.Debug|Any CPU.Build.0 = Debug|Any CPU
		{530BFD01-2A6F-4E1F-A4D9-9D93C8922379}.Release|Any CPU.ActiveCfg = Release|Any CPU
		{530BFD01-2A6F-4E1F-A4D9-9D93C8922379}.Release|Any CPU.Build.0 = Release|Any CPU
		{D7B583A7-C398-4023-9098-0CF29FE56841}.Debug|Any CPU.ActiveCfg = Debug|Any CPU
		{D7B583A7-C398-4023-9098-0CF29FE56841}.Debug|Any CPU.Build.0 = Debug|Any CPU
		{D7B583A7-C398-4023-9098-0CF29FE56841}.Release|Any CPU.ActiveCfg = Release|Any CPU
		{D7B583A7-C398-4023-9098-0CF29FE56841}.Release|Any CPU.Build.0 = Release|Any CPU
		{341BB57D-C3E6-4359-B076-82C576B4CC41}.Debug|Any CPU.ActiveCfg = Debug|Any CPU
		{341BB57D-C3E6-4359-B076-82C576B4CC41}.Debug|Any CPU.Build.0 = Debug|Any CPU
		{341BB57D-C3E6-4359-B076-82C576B4CC41}.Release|Any CPU.ActiveCfg = Release|Any CPU
		{341BB57D-C3E6-4359-B076-82C576B4CC41}.Release|Any CPU.Build.0 = Release|Any CPU
		{E96F8AD6-8EEA-41B4-8E36-97B4B11CDDD9}.Debug|Any CPU.ActiveCfg = Debug|Any CPU
		{E96F8AD6-8EEA-41B4-8E36-97B4B11CDDD9}.Debug|Any CPU.Build.0 = Debug|Any CPU
		{E96F8AD6-8EEA-41B4-8E36-97B4B11CDDD9}.Release|Any CPU.ActiveCfg = Release|Any CPU
		{E96F8AD6-8EEA-41B4-8E36-97B4B11CDDD9}.Release|Any CPU.Build.0 = Release|Any CPU
		{F0642C0F-F5AB-47DF-973D-FD0998BB81B9}.Debug|Any CPU.ActiveCfg = Debug|Any CPU
		{F0642C0F-F5AB-47DF-973D-FD0998BB81B9}.Debug|Any CPU.Build.0 = Debug|Any CPU
		{F0642C0F-F5AB-47DF-973D-FD0998BB81B9}.Release|Any CPU.ActiveCfg = Release|Any CPU
		{F0642C0F-F5AB-47DF-973D-FD0998BB81B9}.Release|Any CPU.Build.0 = Release|Any CPU
	EndGlobalSection
	GlobalSection(SolutionProperties) = preSolution
		HideSolutionNode = FALSE
	EndGlobalSection
	GlobalSection(NestedProjects) = preSolution
		{85B4E6FC-785A-4B6D-99CE-23D49C02EFF6} = {E20D6600-51E0-4184-8AA6-82A332BC76E3}
		{79940ED0-0A84-4F99-9CE4-B588E2AC89C8} = {E20D6600-51E0-4184-8AA6-82A332BC76E3}
		{930CD5AD-0399-42A0-85E8-6BDAEA0A85BE} = {E20D6600-51E0-4184-8AA6-82A332BC76E3}
		{4F01FC08-6578-459B-B94E-7D7D2309806D} = {E20D6600-51E0-4184-8AA6-82A332BC76E3}
		{DEAEFA12-033C-47EA-BC40-0357291B5DEA} = {E20D6600-51E0-4184-8AA6-82A332BC76E3}
		{3F21AD74-16B4-4FEC-9DBE-E5963AEF8B05} = {E20D6600-51E0-4184-8AA6-82A332BC76E3}
		{34828340-B7BD-4901-88A4-DCF5F9FA503A} = {F20220A4-2BC8-492F-B530-87D0D47C5F0A}
		{656FF914-1890-472B-B673-E30F8A824C46} = {F20220A4-2BC8-492F-B530-87D0D47C5F0A}
		{6F90B6DE-512A-4304-AF98-DFF87122DF68} = {F20220A4-2BC8-492F-B530-87D0D47C5F0A}
		{FEAA282A-D117-4A66-A621-CBF0BAF717F2} = {F20220A4-2BC8-492F-B530-87D0D47C5F0A}
		{E820486C-13F6-4077-9EF5-429D718530DB} = {F20220A4-2BC8-492F-B530-87D0D47C5F0A}
		{0ACAF00B-3715-4D86-80DB-D2E2CD977E55} = {F20220A4-2BC8-492F-B530-87D0D47C5F0A}
		{1236B1BB-FAEE-4FFF-B436-57EE2AF3F8BA} = {F20220A4-2BC8-492F-B530-87D0D47C5F0A}
		{7F258118-9927-4B80-9D71-559E6A4028F4} = {42B19D75-DA99-4EB3-A3E1-9788DA1BC468}
		{B56EC903-DC59-45C4-8B83-1411B9C7C534} = {42B19D75-DA99-4EB3-A3E1-9788DA1BC468}
		{DC1FFDDB-FC21-4DD3-97BE-EADEE738C5D7} = {42B19D75-DA99-4EB3-A3E1-9788DA1BC468}
		{27E3AAC9-CF3B-4375-9108-CEA698D52084} = {42B19D75-DA99-4EB3-A3E1-9788DA1BC468}
		{E8532577-4DE2-4CED-8117-E7E417C82061} = {42B19D75-DA99-4EB3-A3E1-9788DA1BC468}
		{BCBFEDE6-555F-472C-BF47-7315BCA42B8F} = {42B19D75-DA99-4EB3-A3E1-9788DA1BC468}
		{923B1D32-068F-4ADA-8E8B-F1C1BA4DC339} = {42B19D75-DA99-4EB3-A3E1-9788DA1BC468}
		{721C955F-CAB8-48A0-BBA9-CB9AA68D1E12} = {42B19D75-DA99-4EB3-A3E1-9788DA1BC468}
		{66B63BD3-540D-470A-8004-018A973A7908} = {42B19D75-DA99-4EB3-A3E1-9788DA1BC468}
		{B81482DA-A65E-4DBB-8481-1ACB301FA82A} = {42B19D75-DA99-4EB3-A3E1-9788DA1BC468}
		{8B011E98-5303-454E-87D7-CFC12ED53D82} = {42B19D75-DA99-4EB3-A3E1-9788DA1BC468}
		{530BFD01-2A6F-4E1F-A4D9-9D93C8922379} = {42B19D75-DA99-4EB3-A3E1-9788DA1BC468}
		{D7B583A7-C398-4023-9098-0CF29FE56841} = {42B19D75-DA99-4EB3-A3E1-9788DA1BC468}
		{341BB57D-C3E6-4359-B076-82C576B4CC41} = {42B19D75-DA99-4EB3-A3E1-9788DA1BC468}
		{E96F8AD6-8EEA-41B4-8E36-97B4B11CDDD9} = {42B19D75-DA99-4EB3-A3E1-9788DA1BC468}
		{F0642C0F-F5AB-47DF-973D-FD0998BB81B9} = {42B19D75-DA99-4EB3-A3E1-9788DA1BC468}
	EndGlobalSection
	GlobalSection(ExtensibilityGlobals) = postSolution
		SolutionGuid = {548E3B1C-6B4D-4EF6-9EC4-B58A5A6BC820}
	EndGlobalSection
EndGlobal
